
Microsoft Visual Studio Solution File, Format Version 12.00
# Visual Studio Version 17
VisualStudioVersion = 17.8.34511.84
MinimumVisualStudioVersion = 10.0.40219.1
Project("{FAE04EC0-301F-11D3-BF4B-00C04F79EFBC}") = "Calculator", "Calculator.csproj", "{D20C8DD6-C355-4FC9-A301-08DA8F57AC38}"
EndProject
Global
	GlobalSection(SolutionConfigurationPlatforms) = preSolution
		Debug|Any CPU = Debug|Any CPU
		Release|Any CPU = Release|Any CPU
	EndGlobalSection
	GlobalSection(ProjectConfigurationPlatforms) = postSolution
		{D20C8DD6-C355-4FC9-A301-08DA8F57AC38}.Debug|Any CPU.ActiveCfg = Debug|Any CPU
		{D20C8DD6-C355-4FC9-A301-08DA8F57AC38}.Debug|Any CPU.Build.0 = Debug|Any CPU
		{D20C8DD6-C355-4FC9-A301-08DA8F57AC38}.Release|Any CPU.ActiveCfg = Release|Any CPU
		{D20C8DD6-C355-4FC9-A301-08DA8F57AC38}.Release|Any CPU.Build.0 = Release|Any CPU
	EndGlobalSection
	GlobalSection(SolutionProperties) = preSolution
		HideSolutionNode = FALSE
	EndGlobalSection
	GlobalSection(ExtensibilityGlobals) = postSolution
		SolutionGuid = {408A608D-418E-424C-BB1A-77B4FCBFCB1A}
	EndGlobalSection
EndGlobal
